// !$*UTF8*$!
{
	archiveVersion = 1;
	classes = {
	};
	objectVersion = 56;
	objects = {

/* Begin PBXBuildFile section */
		6C5B6C3D2BE15FDD00604A4F /* main.cpp in Sources */ = {isa = PBXBuildFile; fileRef = 6C5B6C3C2BE15FDD00604A4F /* main.cpp */; };
		6C5B6C452BE1600A00604A4F /* Utility.cpp in Sources */ = {isa = PBXBuildFile; fileRef = 6C5B6C432BE1600A00604A4F /* Utility.cpp */; };
		6C5B6C482BE164BB00604A4F /* Map.cpp in Sources */ = {isa = PBXBuildFile; fileRef = 6C5B6C462BE164BB00604A4F /* Map.cpp */; };
		6C5B6C4B2BE2C5E200604A4F /* Scene.cpp in Sources */ = {isa = PBXBuildFile; fileRef = 6C5B6C492BE2C5E200604A4F /* Scene.cpp */; };
		6C5B6C4E2BE2C7FB00604A4F /* Entity.cpp in Sources */ = {isa = PBXBuildFile; fileRef = 6C5B6C4C2BE2C7FB00604A4F /* Entity.cpp */; };
		6C85C5E42BE2FFC000EEE000 /* OpenGL.framework in Frameworks */ = {isa = PBXBuildFile; fileRef = 6C85C5E32BE2FFC000EEE000 /* OpenGL.framework */; };
		6C85C5E62BE2FFFB00EEE000 /* Cocoa.framework in Frameworks */ = {isa = PBXBuildFile; fileRef = 6C85C5E52BE2FFFB00EEE000 /* Cocoa.framework */; };
		6C85C5EA2BE3001300EEE000 /* SDL2_mixer.framework in Frameworks */ = {isa = PBXBuildFile; fileRef = 6C85C5E72BE3001300EEE000 /* SDL2_mixer.framework */; };
		6C85C5EB2BE3001300EEE000 /* SDL2.framework in Frameworks */ = {isa = PBXBuildFile; fileRef = 6C85C5E82BE3001300EEE000 /* SDL2.framework */; };
		6C85C5EC2BE3001300EEE000 /* SDL2_image.framework in Frameworks */ = {isa = PBXBuildFile; fileRef = 6C85C5E92BE3001300EEE000 /* SDL2_image.framework */; };
		6C85C5F22BE3004D00EEE000 /* ShaderProgram.cpp in Sources */ = {isa = PBXBuildFile; fileRef = 6C85C5F02BE3004D00EEE000 /* ShaderProgram.cpp */; };
		6C85C6002BE49C2400EEE000 /* First_Level.cpp in Sources */ = {isa = PBXBuildFile; fileRef = 6C85C5FE2BE49C2400EEE000 /* First_Level.cpp */; };
		6C85C6032BE49C7A00EEE000 /* shaders in CopyFiles */ = {isa = PBXBuildFile; fileRef = 6C85C5F12BE3004D00EEE000 /* shaders */; };
		6C85C60E2BE4A15700EEE000 /* Menu.cpp in Sources */ = {isa = PBXBuildFile; fileRef = 6C85C60C2BE4A15700EEE000 /* Menu.cpp */; };
		6C85C6112BE4A18400EEE000 /* Win.cpp in Sources */ = {isa = PBXBuildFile; fileRef = 6C85C60F2BE4A18400EEE000 /* Win.cpp */; };
		6C85C6142BE4A1BA00EEE000 /* Lose.cpp in Sources */ = {isa = PBXBuildFile; fileRef = 6C85C6122BE4A1BA00EEE000 /* Lose.cpp */; };
		6C85C6172BE4A22E00EEE000 /* Second_Level.cpp in Sources */ = {isa = PBXBuildFile; fileRef = 6C85C6152BE4A22E00EEE000 /* Second_Level.cpp */; };
/* End PBXBuildFile section */

/* Begin PBXCopyFilesBuildPhase section */
		6C5B6C372BE15FDD00604A4F /* CopyFiles */ = {
			isa = PBXCopyFilesBuildPhase;
			buildActionMask = 2147483647;
			dstPath = "";
			dstSubfolderSpec = 6;
			files = (
				6C85C6032BE49C7A00EEE000 /* shaders in CopyFiles */,
			);
			runOnlyForDeploymentPostprocessing = 1;
		};
/* End PBXCopyFilesBuildPhase section */

/* Begin PBXFileReference section */
		6C5B6C392BE15FDD00604A4F /* final_project */ = {isa = PBXFileReference; explicitFileType = "compiled.mach-o.executable"; includeInIndex = 0; path = final_project; sourceTree = BUILT_PRODUCTS_DIR; };
		6C5B6C3C2BE15FDD00604A4F /* main.cpp */ = {isa = PBXFileReference; lastKnownFileType = sourcecode.cpp.cpp; path = main.cpp; sourceTree = "<group>"; };
		6C5B6C432BE1600A00604A4F /* Utility.cpp */ = {isa = PBXFileReference; lastKnownFileType = sourcecode.cpp.cpp; path = Utility.cpp; sourceTree = "<group>"; };
		6C5B6C442BE1600A00604A4F /* Utility.hpp */ = {isa = PBXFileReference; lastKnownFileType = sourcecode.cpp.h; path = Utility.hpp; sourceTree = "<group>"; };
		6C5B6C462BE164BB00604A4F /* Map.cpp */ = {isa = PBXFileReference; lastKnownFileType = sourcecode.cpp.cpp; path = Map.cpp; sourceTree = "<group>"; };
		6C5B6C472BE164BB00604A4F /* Map.hpp */ = {isa = PBXFileReference; lastKnownFileType = sourcecode.cpp.h; path = Map.hpp; sourceTree = "<group>"; };
		6C5B6C492BE2C5E200604A4F /* Scene.cpp */ = {isa = PBXFileReference; lastKnownFileType = sourcecode.cpp.cpp; path = Scene.cpp; sourceTree = "<group>"; };
		6C5B6C4A2BE2C5E200604A4F /* Scene.hpp */ = {isa = PBXFileReference; lastKnownFileType = sourcecode.cpp.h; path = Scene.hpp; sourceTree = "<group>"; };
		6C5B6C4C2BE2C7FB00604A4F /* Entity.cpp */ = {isa = PBXFileReference; lastKnownFileType = sourcecode.cpp.cpp; path = Entity.cpp; sourceTree = "<group>"; };
		6C5B6C4D2BE2C7FB00604A4F /* Entity.hpp */ = {isa = PBXFileReference; lastKnownFileType = sourcecode.cpp.h; path = Entity.hpp; sourceTree = "<group>"; };
		6C85C5E32BE2FFC000EEE000 /* OpenGL.framework */ = {isa = PBXFileReference; lastKnownFileType = wrapper.framework; name = OpenGL.framework; path = System/Library/Frameworks/OpenGL.framework; sourceTree = SDKROOT; };
		6C85C5E52BE2FFFB00EEE000 /* Cocoa.framework */ = {isa = PBXFileReference; lastKnownFileType = wrapper.framework; name = Cocoa.framework; path = System/Library/Frameworks/Cocoa.framework; sourceTree = SDKROOT; };
		6C85C5E72BE3001300EEE000 /* SDL2_mixer.framework */ = {isa = PBXFileReference; lastKnownFileType = wrapper.framework; name = SDL2_mixer.framework; path = "../../../Downloads/XcodeFrameworks 11/SDL2_mixer.framework"; sourceTree = "<group>"; };
		6C85C5E82BE3001300EEE000 /* SDL2.framework */ = {isa = PBXFileReference; lastKnownFileType = wrapper.framework; name = SDL2.framework; path = "../../../Downloads/XcodeFrameworks 11/SDL2.framework"; sourceTree = "<group>"; };
		6C85C5E92BE3001300EEE000 /* SDL2_image.framework */ = {isa = PBXFileReference; lastKnownFileType = wrapper.framework; name = SDL2_image.framework; path = "../../../Downloads/XcodeFrameworks 11/SDL2_image.framework"; sourceTree = "<group>"; };
		6C85C5ED2BE3004C00EEE000 /* ShaderProgram.h */ = {isa = PBXFileReference; fileEncoding = 4; lastKnownFileType = sourcecode.c.h; path = ShaderProgram.h; sourceTree = "<group>"; };
		6C85C5EE2BE3004C00EEE000 /* stb_image.h */ = {isa = PBXFileReference; fileEncoding = 4; lastKnownFileType = sourcecode.c.h; path = stb_image.h; sourceTree = "<group>"; };
		6C85C5EF2BE3004C00EEE000 /* glm */ = {isa = PBXFileReference; lastKnownFileType = folder; path = glm; sourceTree = "<group>"; };
		6C85C5F02BE3004D00EEE000 /* ShaderProgram.cpp */ = {isa = PBXFileReference; fileEncoding = 4; lastKnownFileType = sourcecode.cpp.cpp; path = ShaderProgram.cpp; sourceTree = "<group>"; };
		6C85C5F12BE3004D00EEE000 /* shaders */ = {isa = PBXFileReference; lastKnownFileType = folder; path = shaders; sourceTree = "<group>"; };
		6C85C5FE2BE49C2400EEE000 /* First_Level.cpp */ = {isa = PBXFileReference; lastKnownFileType = sourcecode.cpp.cpp; path = First_Level.cpp; sourceTree = "<group>"; };
		6C85C5FF2BE49C2400EEE000 /* First_Level.hpp */ = {isa = PBXFileReference; lastKnownFileType = sourcecode.cpp.h; path = First_Level.hpp; sourceTree = "<group>"; };
		6C85C6042BE49E5100EEE000 /* font1.png */ = {isa = PBXFileReference; lastKnownFileType = image.png; path = font1.png; sourceTree = "<group>"; };
		6C85C6062BE49FD200EEE000 /* Hurt1.png */ = {isa = PBXFileReference; lastKnownFileType = image.png; path = Hurt1.png; sourceTree = "<group>"; };
		6C85C6082BE4A02D00EEE000 /* bush.png */ = {isa = PBXFileReference; lastKnownFileType = image.png; path = bush.png; sourceTree = "<group>"; };
		6C85C60C2BE4A15700EEE000 /* Menu.cpp */ = {isa = PBXFileReference; lastKnownFileType = sourcecode.cpp.cpp; path = Menu.cpp; sourceTree = "<group>"; };
		6C85C60D2BE4A15700EEE000 /* Menu.hpp */ = {isa = PBXFileReference; lastKnownFileType = sourcecode.cpp.h; path = Menu.hpp; sourceTree = "<group>"; };
		6C85C60F2BE4A18400EEE000 /* Win.cpp */ = {isa = PBXFileReference; lastKnownFileType = sourcecode.cpp.cpp; path = Win.cpp; sourceTree = "<group>"; };
		6C85C6102BE4A18400EEE000 /* Win.hpp */ = {isa = PBXFileReference; lastKnownFileType = sourcecode.cpp.h; path = Win.hpp; sourceTree = "<group>"; };
		6C85C6122BE4A1BA00EEE000 /* Lose.cpp */ = {isa = PBXFileReference; lastKnownFileType = sourcecode.cpp.cpp; path = Lose.cpp; sourceTree = "<group>"; };
		6C85C6132BE4A1BA00EEE000 /* Lose.hpp */ = {isa = PBXFileReference; lastKnownFileType = sourcecode.cpp.h; path = Lose.hpp; sourceTree = "<group>"; };
		6C85C6152BE4A22E00EEE000 /* Second_Level.cpp */ = {isa = PBXFileReference; lastKnownFileType = sourcecode.cpp.cpp; path = Second_Level.cpp; sourceTree = "<group>"; };
		6C85C6162BE4A22E00EEE000 /* Second_Level.hpp */ = {isa = PBXFileReference; lastKnownFileType = sourcecode.cpp.h; path = Second_Level.hpp; sourceTree = "<group>"; };
		6C85C61B2BE5517100EEE000 /* Wizard1.png */ = {isa = PBXFileReference; lastKnownFileType = image.png; path = Wizard1.png; sourceTree = "<group>"; };
		6C85C61C2BE5652400EEE000 /* Trampoline.wav */ = {isa = PBXFileReference; lastKnownFileType = audio.wav; path = Trampoline.wav; sourceTree = "<group>"; };
/* End PBXFileReference section */

/* Begin PBXFrameworksBuildPhase section */
		6C5B6C362BE15FDD00604A4F /* Frameworks */ = {
			isa = PBXFrameworksBuildPhase;
			buildActionMask = 2147483647;
			files = (
				6C85C5EA2BE3001300EEE000 /* SDL2_mixer.framework in Frameworks */,
				6C85C5EB2BE3001300EEE000 /* SDL2.framework in Frameworks */,
				6C85C5EC2BE3001300EEE000 /* SDL2_image.framework in Frameworks */,
				6C85C5E62BE2FFFB00EEE000 /* Cocoa.framework in Frameworks */,
				6C85C5E42BE2FFC000EEE000 /* OpenGL.framework in Frameworks */,
			);
			runOnlyForDeploymentPostprocessing = 0;
		};
/* End PBXFrameworksBuildPhase section */

/* Begin PBXGroup section */
		6C5B6C302BE15FDC00604A4F = {
			isa = PBXGroup;
			children = (
				6C5B6C3B2BE15FDD00604A4F /* final_project */,
				6C5B6C3A2BE15FDD00604A4F /* Products */,
				6C85C5E22BE2FFC000EEE000 /* Frameworks */,
			);
			sourceTree = "<group>";
		};
		6C5B6C3A2BE15FDD00604A4F /* Products */ = {
			isa = PBXGroup;
			children = (
				6C5B6C392BE15FDD00604A4F /* final_project */,
			);
			name = Products;
			sourceTree = "<group>";
		};
		6C5B6C3B2BE15FDD00604A4F /* final_project */ = {
			isa = PBXGroup;
			children = (
				6C85C5EF2BE3004C00EEE000 /* glm */,
				6C85C5F02BE3004D00EEE000 /* ShaderProgram.cpp */,
				6C85C5ED2BE3004C00EEE000 /* ShaderProgram.h */,
				6C85C5F12BE3004D00EEE000 /* shaders */,
				6C85C5EE2BE3004C00EEE000 /* stb_image.h */,
				6C5B6C3C2BE15FDD00604A4F /* main.cpp */,
				6C85C6152BE4A22E00EEE000 /* Second_Level.cpp */,
				6C85C6162BE4A22E00EEE000 /* Second_Level.hpp */,
				6C85C6122BE4A1BA00EEE000 /* Lose.cpp */,
				6C85C6132BE4A1BA00EEE000 /* Lose.hpp */,
				6C85C60C2BE4A15700EEE000 /* Menu.cpp */,
				6C85C60D2BE4A15700EEE000 /* Menu.hpp */,
				6C85C60F2BE4A18400EEE000 /* Win.cpp */,
				6C85C6102BE4A18400EEE000 /* Win.hpp */,
				6C5B6C4C2BE2C7FB00604A4F /* Entity.cpp */,
				6C85C5FE2BE49C2400EEE000 /* First_Level.cpp */,
				6C85C5FF2BE49C2400EEE000 /* First_Level.hpp */,
				6C5B6C4D2BE2C7FB00604A4F /* Entity.hpp */,
				6C5B6C492BE2C5E200604A4F /* Scene.cpp */,
				6C5B6C4A2BE2C5E200604A4F /* Scene.hpp */,
				6C5B6C432BE1600A00604A4F /* Utility.cpp */,
				6C5B6C462BE164BB00604A4F /* Map.cpp */,
				6C5B6C472BE164BB00604A4F /* Map.hpp */,
				6C5B6C442BE1600A00604A4F /* Utility.hpp */,
				6C85C6042BE49E5100EEE000 /* font1.png */,
				6C85C6062BE49FD200EEE000 /* Hurt1.png */,
				6C85C6082BE4A02D00EEE000 /* bush.png */,
				6C85C61B2BE5517100EEE000 /* Wizard1.png */,
				6C85C61C2BE5652400EEE000 /* Trampoline.wav */,
			);
			path = final_project;
			sourceTree = "<group>";
		};
		6C85C5E22BE2FFC000EEE000 /* Frameworks */ = {
			isa = PBXGroup;
			children = (
				6C85C5E92BE3001300EEE000 /* SDL2_image.framework */,
				6C85C5E72BE3001300EEE000 /* SDL2_mixer.framework */,
				6C85C5E82BE3001300EEE000 /* SDL2.framework */,
				6C85C5E52BE2FFFB00EEE000 /* Cocoa.framework */,
				6C85C5E32BE2FFC000EEE000 /* OpenGL.framework */,
			);
			name = Frameworks;
			sourceTree = "<group>";
		};
/* End PBXGroup section */

/* Begin PBXNativeTarget section */
		6C5B6C382BE15FDD00604A4F /* final_project */ = {
			isa = PBXNativeTarget;
			buildConfigurationList = 6C5B6C402BE15FDD00604A4F /* Build configuration list for PBXNativeTarget "final_project" */;
			buildPhases = (
				6C5B6C352BE15FDD00604A4F /* Sources */,
				6C5B6C362BE15FDD00604A4F /* Frameworks */,
				6C5B6C372BE15FDD00604A4F /* CopyFiles */,
			);
			buildRules = (
			);
			dependencies = (
			);
			name = final_project;
			productName = final_project;
			productReference = 6C5B6C392BE15FDD00604A4F /* final_project */;
			productType = "com.apple.product-type.tool";
		};
/* End PBXNativeTarget section */

/* Begin PBXProject section */
		6C5B6C312BE15FDC00604A4F /* Project object */ = {
			isa = PBXProject;
			attributes = {
				BuildIndependentTargetsInParallel = 1;
				LastUpgradeCheck = 1430;
				TargetAttributes = {
					6C5B6C382BE15FDD00604A4F = {
						CreatedOnToolsVersion = 14.3.1;
					};
				};
			};
			buildConfigurationList = 6C5B6C342BE15FDC00604A4F /* Build configuration list for PBXProject "final_project" */;
			compatibilityVersion = "Xcode 14.0";
			developmentRegion = en;
			hasScannedForEncodings = 0;
			knownRegions = (
				en,
				Base,
			);
			mainGroup = 6C5B6C302BE15FDC00604A4F;
			productRefGroup = 6C5B6C3A2BE15FDD00604A4F /* Products */;
			projectDirPath = "";
			projectRoot = "";
			targets = (
				6C5B6C382BE15FDD00604A4F /* final_project */,
			);
		};
/* End PBXProject section */

/* Begin PBXSourcesBuildPhase section */
		6C5B6C352BE15FDD00604A4F /* Sources */ = {
			isa = PBXSourcesBuildPhase;
			buildActionMask = 2147483647;
			files = (
				6C5B6C4B2BE2C5E200604A4F /* Scene.cpp in Sources */,
				6C85C6172BE4A22E00EEE000 /* Second_Level.cpp in Sources */,
				6C5B6C482BE164BB00604A4F /* Map.cpp in Sources */,
				6C85C5F22BE3004D00EEE000 /* ShaderProgram.cpp in Sources */,
				6C85C6112BE4A18400EEE000 /* Win.cpp in Sources */,
				6C85C6142BE4A1BA00EEE000 /* Lose.cpp in Sources */,
				6C5B6C452BE1600A00604A4F /* Utility.cpp in Sources */,
				6C5B6C4E2BE2C7FB00604A4F /* Entity.cpp in Sources */,
				6C85C6002BE49C2400EEE000 /* First_Level.cpp in Sources */,
				6C85C60E2BE4A15700EEE000 /* Menu.cpp in Sources */,
				6C5B6C3D2BE15FDD00604A4F /* main.cpp in Sources */,
			);
			runOnlyForDeploymentPostprocessing = 0;
		};
/* End PBXSourcesBuildPhase section */

/* Begin XCBuildConfiguration section */
		6C5B6C3E2BE15FDD00604A4F /* Debug */ = {
			isa = XCBuildConfiguration;
			buildSettings = {
				ALWAYS_SEARCH_USER_PATHS = NO;
				CLANG_ANALYZER_NONNULL = YES;
				CLANG_ANALYZER_NUMBER_OBJECT_CONVERSION = YES_AGGRESSIVE;
				CLANG_CXX_LANGUAGE_STANDARD = "gnu++20";
				CLANG_ENABLE_MODULES = YES;
				CLANG_ENABLE_OBJC_ARC = YES;
				CLANG_ENABLE_OBJC_WEAK = YES;
				CLANG_WARN_BLOCK_CAPTURE_AUTORELEASING = YES;
				CLANG_WARN_BOOL_CONVERSION = YES;
				CLANG_WARN_COMMA = YES;
				CLANG_WARN_CONSTANT_CONVERSION = YES;
				CLANG_WARN_DEPRECATED_OBJC_IMPLEMENTATIONS = YES;
				CLANG_WARN_DIRECT_OBJC_ISA_USAGE = YES_ERROR;
				CLANG_WARN_DOCUMENTATION_COMMENTS = YES;
				CLANG_WARN_EMPTY_BODY = YES;
				CLANG_WARN_ENUM_CONVERSION = YES;
				CLANG_WARN_INFINITE_RECURSION = YES;
				CLANG_WARN_INT_CONVERSION = YES;
				CLANG_WARN_NON_LITERAL_NULL_CONVERSION = YES;
				CLANG_WARN_OBJC_IMPLICIT_RETAIN_SELF = YES;
				CLANG_WARN_OBJC_LITERAL_CONVERSION = YES;
				CLANG_WARN_OBJC_ROOT_CLASS = YES_ERROR;
				CLANG_WARN_QUOTED_INCLUDE_IN_FRAMEWORK_HEADER = YES;
				CLANG_WARN_RANGE_LOOP_ANALYSIS = YES;
				CLANG_WARN_STRICT_PROTOTYPES = YES;
				CLANG_WARN_SUSPICIOUS_MOVE = YES;
				CLANG_WARN_UNGUARDED_AVAILABILITY = YES_AGGRESSIVE;
				CLANG_WARN_UNREACHABLE_CODE = YES;
				CLANG_WARN__DUPLICATE_METHOD_MATCH = YES;
				COPY_PHASE_STRIP = NO;
				DEBUG_INFORMATION_FORMAT = dwarf;
				ENABLE_STRICT_OBJC_MSGSEND = YES;
				ENABLE_TESTABILITY = YES;
				GCC_C_LANGUAGE_STANDARD = gnu11;
				GCC_DYNAMIC_NO_PIC = NO;
				GCC_NO_COMMON_BLOCKS = YES;
				GCC_OPTIMIZATION_LEVEL = 0;
				GCC_PREPROCESSOR_DEFINITIONS = (
					"DEBUG=1",
					"$(inherited)",
				);
				GCC_WARN_64_TO_32_BIT_CONVERSION = YES;
				GCC_WARN_ABOUT_RETURN_TYPE = YES_ERROR;
				GCC_WARN_UNDECLARED_SELECTOR = YES;
				GCC_WARN_UNINITIALIZED_AUTOS = YES_AGGRESSIVE;
				GCC_WARN_UNUSED_FUNCTION = YES;
				GCC_WARN_UNUSED_VARIABLE = YES;
				MACOSX_DEPLOYMENT_TARGET = 13.3;
				MTL_ENABLE_DEBUG_INFO = INCLUDE_SOURCE;
				MTL_FAST_MATH = YES;
				ONLY_ACTIVE_ARCH = YES;
				SDKROOT = macosx;
			};
			name = Debug;
		};
		6C5B6C3F2BE15FDD00604A4F /* Release */ = {
			isa = XCBuildConfiguration;
			buildSettings = {
				ALWAYS_SEARCH_USER_PATHS = NO;
				CLANG_ANALYZER_NONNULL = YES;
				CLANG_ANALYZER_NUMBER_OBJECT_CONVERSION = YES_AGGRESSIVE;
				CLANG_CXX_LANGUAGE_STANDARD = "gnu++20";
				CLANG_ENABLE_MODULES = YES;
				CLANG_ENABLE_OBJC_ARC = YES;
				CLANG_ENABLE_OBJC_WEAK = YES;
				CLANG_WARN_BLOCK_CAPTURE_AUTORELEASING = YES;
				CLANG_WARN_BOOL_CONVERSION = YES;
				CLANG_WARN_COMMA = YES;
				CLANG_WARN_CONSTANT_CONVERSION = YES;
				CLANG_WARN_DEPRECATED_OBJC_IMPLEMENTATIONS = YES;
				CLANG_WARN_DIRECT_OBJC_ISA_USAGE = YES_ERROR;
				CLANG_WARN_DOCUMENTATION_COMMENTS = YES;
				CLANG_WARN_EMPTY_BODY = YES;
				CLANG_WARN_ENUM_CONVERSION = YES;
				CLANG_WARN_INFINITE_RECURSION = YES;
				CLANG_WARN_INT_CONVERSION = YES;
				CLANG_WARN_NON_LITERAL_NULL_CONVERSION = YES;
				CLANG_WARN_OBJC_IMPLICIT_RETAIN_SELF = YES;
				CLANG_WARN_OBJC_LITERAL_CONVERSION = YES;
				CLANG_WARN_OBJC_ROOT_CLASS = YES_ERROR;
				CLANG_WARN_QUOTED_INCLUDE_IN_FRAMEWORK_HEADER = YES;
				CLANG_WARN_RANGE_LOOP_ANALYSIS = YES;
				CLANG_WARN_STRICT_PROTOTYPES = YES;
				CLANG_WARN_SUSPICIOUS_MOVE = YES;
				CLANG_WARN_UNGUARDED_AVAILABILITY = YES_AGGRESSIVE;
				CLANG_WARN_UNREACHABLE_CODE = YES;
				CLANG_WARN__DUPLICATE_METHOD_MATCH = YES;
				COPY_PHASE_STRIP = NO;
				DEBUG_INFORMATION_FORMAT = "dwarf-with-dsym";
				ENABLE_NS_ASSERTIONS = NO;
				ENABLE_STRICT_OBJC_MSGSEND = YES;
				GCC_C_LANGUAGE_STANDARD = gnu11;
				GCC_NO_COMMON_BLOCKS = YES;
				GCC_WARN_64_TO_32_BIT_CONVERSION = YES;
				GCC_WARN_ABOUT_RETURN_TYPE = YES_ERROR;
				GCC_WARN_UNDECLARED_SELECTOR = YES;
				GCC_WARN_UNINITIALIZED_AUTOS = YES_AGGRESSIVE;
				GCC_WARN_UNUSED_FUNCTION = YES;
				GCC_WARN_UNUSED_VARIABLE = YES;
				MACOSX_DEPLOYMENT_TARGET = 13.3;
				MTL_ENABLE_DEBUG_INFO = NO;
				MTL_FAST_MATH = YES;
				SDKROOT = macosx;
			};
			name = Release;
		};
		6C5B6C412BE15FDD00604A4F /* Debug */ = {
			isa = XCBuildConfiguration;
			buildSettings = {
				CODE_SIGN_STYLE = Automatic;
				FRAMEWORK_SEARCH_PATHS = /Library/Frameworks;
				HEADER_SEARCH_PATHS = (
					/Library/Frameworks/SDL2_image.framework/Versions/A/Headers,
					/Library/Frameworks/SDL2.framework/Versions/A/Headers,
					/Library/Frameworks/SDL2_mixer.framework/Versions/A/Headers,
				);
				PRODUCT_NAME = "$(TARGET_NAME)";
			};
			name = Debug;
		};
		6C5B6C422BE15FDD00604A4F /* Release */ = {
			isa = XCBuildConfiguration;
			buildSettings = {
				CODE_SIGN_STYLE = Automatic;
				FRAMEWORK_SEARCH_PATHS = /Library/Frameworks;
				HEADER_SEARCH_PATHS = (
					/Library/Frameworks/SDL2_image.framework/Versions/A/Headers,
					/Library/Frameworks/SDL2.framework/Versions/A/Headers,
					/Library/Frameworks/SDL2_mixer.framework/Versions/A/Headers,
				);
				PRODUCT_NAME = "$(TARGET_NAME)";
			};
			name = Release;
		};
/* End XCBuildConfiguration section */

/* Begin XCConfigurationList section */
		6C5B6C342BE15FDC00604A4F /* Build configuration list for PBXProject "final_project" */ = {
			isa = XCConfigurationList;
			buildConfigurations = (
				6C5B6C3E2BE15FDD00604A4F /* Debug */,
				6C5B6C3F2BE15FDD00604A4F /* Release */,
			);
			defaultConfigurationIsVisible = 0;
			defaultConfigurationName = Release;
		};
		6C5B6C402BE15FDD00604A4F /* Build configuration list for PBXNativeTarget "final_project" */ = {
			isa = XCConfigurationList;
			buildConfigurations = (
				6C5B6C412BE15FDD00604A4F /* Debug */,
				6C5B6C422BE15FDD00604A4F /* Release */,
			);
			defaultConfigurationIsVisible = 0;
			defaultConfigurationName = Release;
		};
/* End XCConfigurationList section */
	};
	rootObject = 6C5B6C312BE15FDC00604A4F /* Project object */;
}
